// !$*UTF8*$!
{
	archiveVersion = 1;
	classes = {
	};
	objectVersion = 50;
	objects = {

/* Begin PBXBuildFile section */
		6BD68FCA23F57CED00A518D3 /* AppDelegate.swift in Sources */ = {isa = PBXBuildFile; fileRef = 6BD68FC923F57CED00A518D3 /* AppDelegate.swift */; };
		6BD68FCC23F57CED00A518D3 /* SceneDelegate.swift in Sources */ = {isa = PBXBuildFile; fileRef = 6BD68FCB23F57CED00A518D3 /* SceneDelegate.swift */; };
		6BD68FCE23F57CED00A518D3 /* ContentView.swift in Sources */ = {isa = PBXBuildFile; fileRef = 6BD68FCD23F57CED00A518D3 /* ContentView.swift */; };
		6BD68FD023F57CF100A518D3 /* Assets.xcassets in Resources */ = {isa = PBXBuildFile; fileRef = 6BD68FCF23F57CF100A518D3 /* Assets.xcassets */; };
		6BD68FD323F57CF100A518D3 /* Preview Assets.xcassets in Resources */ = {isa = PBXBuildFile; fileRef = 6BD68FD223F57CF100A518D3 /* Preview Assets.xcassets */; };
		6BD68FE623F57D7600A518D3 /* Menu.swift in Sources */ = {isa = PBXBuildFile; fileRef = 6BD68FDF23F57D7600A518D3 /* Menu.swift */; };
		6BD68FE723F57D7600A518D3 /* Menu+Buildable.swift in Sources */ = {isa = PBXBuildFile; fileRef = 6BD68FE023F57D7600A518D3 /* Menu+Buildable.swift */; };
		6BD68FE823F57D7600A518D3 /* View+Helper.swift in Sources */ = {isa = PBXBuildFile; fileRef = 6BD68FE223F57D7600A518D3 /* View+Helper.swift */; };
		6BD68FE923F57D7600A518D3 /* CGSize+Helper.swift in Sources */ = {isa = PBXBuildFile; fileRef = 6BD68FE323F57D7600A518D3 /* CGSize+Helper.swift */; };
		6BD68FEA23F57D7600A518D3 /* Buildable.swift in Sources */ = {isa = PBXBuildFile; fileRef = 6BD68FE423F57D7600A518D3 /* Buildable.swift */; };
		6BD68FEB23F57D7600A518D3 /* SizeViewModifier.swift in Sources */ = {isa = PBXBuildFile; fileRef = 6BD68FE523F57D7600A518D3 /* SizeViewModifier.swift */; };
		6BD68FED23F57E3400A518D3 /* LaunchScreen.storyboard in Resources */ = {isa = PBXBuildFile; fileRef = 6BD68FEC23F57E3400A518D3 /* LaunchScreen.storyboard */; };
		6BD68FF023F57FEE00A518D3 /* MenuItem.swift in Sources */ = {isa = PBXBuildFile; fileRef = 6BD68FEE23F57FEE00A518D3 /* MenuItem.swift */; };
/* End PBXBuildFile section */

/* Begin PBXFileReference section */
		6BD68FC623F57CED00A518D3 /* SwiftUIMenuExample.app */ = {isa = PBXFileReference; explicitFileType = wrapper.application; includeInIndex = 0; path = SwiftUIMenuExample.app; sourceTree = BUILT_PRODUCTS_DIR; };
		6BD68FC923F57CED00A518D3 /* AppDelegate.swift */ = {isa = PBXFileReference; lastKnownFileType = sourcecode.swift; path = AppDelegate.swift; sourceTree = "<group>"; };
		6BD68FCB23F57CED00A518D3 /* SceneDelegate.swift */ = {isa = PBXFileReference; lastKnownFileType = sourcecode.swift; path = SceneDelegate.swift; sourceTree = "<group>"; };
		6BD68FCD23F57CED00A518D3 /* ContentView.swift */ = {isa = PBXFileReference; lastKnownFileType = sourcecode.swift; path = ContentView.swift; sourceTree = "<group>"; };
		6BD68FCF23F57CF100A518D3 /* Assets.xcassets */ = {isa = PBXFileReference; lastKnownFileType = folder.assetcatalog; path = Assets.xcassets; sourceTree = "<group>"; };
		6BD68FD223F57CF100A518D3 /* Preview Assets.xcassets */ = {isa = PBXFileReference; lastKnownFileType = folder.assetcatalog; path = "Preview Assets.xcassets"; sourceTree = "<group>"; };
		6BD68FD723F57CF100A518D3 /* Info.plist */ = {isa = PBXFileReference; lastKnownFileType = text.plist.xml; path = Info.plist; sourceTree = "<group>"; };
		6BD68FDF23F57D7600A518D3 /* Menu.swift */ = {isa = PBXFileReference; fileEncoding = 4; lastKnownFileType = sourcecode.swift; name = Menu.swift; path = ../../../Sources/SwiftUIMenu/Menu.swift; sourceTree = "<group>"; };
		6BD68FE023F57D7600A518D3 /* Menu+Buildable.swift */ = {isa = PBXFileReference; fileEncoding = 4; lastKnownFileType = sourcecode.swift; name = "Menu+Buildable.swift"; path = "../../../Sources/SwiftUIMenu/Menu+Buildable.swift"; sourceTree = "<group>"; };
		6BD68FE223F57D7600A518D3 /* View+Helper.swift */ = {isa = PBXFileReference; fileEncoding = 4; lastKnownFileType = sourcecode.swift; path = "View+Helper.swift"; sourceTree = "<group>"; };
		6BD68FE323F57D7600A518D3 /* CGSize+Helper.swift */ = {isa = PBXFileReference; fileEncoding = 4; lastKnownFileType = sourcecode.swift; path = "CGSize+Helper.swift"; sourceTree = "<group>"; };
		6BD68FE423F57D7600A518D3 /* Buildable.swift */ = {isa = PBXFileReference; fileEncoding = 4; lastKnownFileType = sourcecode.swift; path = Buildable.swift; sourceTree = "<group>"; };
		6BD68FE523F57D7600A518D3 /* SizeViewModifier.swift */ = {isa = PBXFileReference; fileEncoding = 4; lastKnownFileType = sourcecode.swift; path = SizeViewModifier.swift; sourceTree = "<group>"; };
		6BD68FEC23F57E3400A518D3 /* LaunchScreen.storyboard */ = {isa = PBXFileReference; lastKnownFileType = file.storyboard; path = LaunchScreen.storyboard; sourceTree = "<group>"; };
		6BD68FEE23F57FEE00A518D3 /* MenuItem.swift */ = {isa = PBXFileReference; fileEncoding = 4; lastKnownFileType = sourcecode.swift; path = MenuItem.swift; sourceTree = "<group>"; };
/* End PBXFileReference section */

/* Begin PBXFrameworksBuildPhase section */
		6BD68FC323F57CED00A518D3 /* Frameworks */ = {
			isa = PBXFrameworksBuildPhase;
			buildActionMask = 2147483647;
			files = (
			);
			runOnlyForDeploymentPostprocessing = 0;
		};
/* End PBXFrameworksBuildPhase section */

/* Begin PBXGroup section */
		6BD68FBD23F57CED00A518D3 = {
			isa = PBXGroup;
			children = (
				6BD68FC823F57CED00A518D3 /* SwiftUIMenuExample */,
				6BD68FC723F57CED00A518D3 /* Products */,
			);
			sourceTree = "<group>";
		};
		6BD68FC723F57CED00A518D3 /* Products */ = {
			isa = PBXGroup;
			children = (
				6BD68FC623F57CED00A518D3 /* SwiftUIMenuExample.app */,
			);
			name = Products;
			sourceTree = "<group>";
		};
		6BD68FC823F57CED00A518D3 /* SwiftUIMenuExample */ = {
			isa = PBXGroup;
			children = (
				6BD68FDE23F57D5C00A518D3 /* SwiftUIMenu */,
				6BD68FDD23F57D5400A518D3 /* Support */,
				6BD68FCD23F57CED00A518D3 /* ContentView.swift */,
				6BD68FEE23F57FEE00A518D3 /* MenuItem.swift */,
				6BD68FD123F57CF100A518D3 /* Preview Content */,
			);
			path = SwiftUIMenuExample;
			sourceTree = "<group>";
		};
		6BD68FD123F57CF100A518D3 /* Preview Content */ = {
			isa = PBXGroup;
			children = (
				6BD68FD223F57CF100A518D3 /* Preview Assets.xcassets */,
			);
			path = "Preview Content";
			sourceTree = "<group>";
		};
		6BD68FDD23F57D5400A518D3 /* Support */ = {
			isa = PBXGroup;
			children = (
				6BD68FC923F57CED00A518D3 /* AppDelegate.swift */,
				6BD68FCB23F57CED00A518D3 /* SceneDelegate.swift */,
				6BD68FCF23F57CF100A518D3 /* Assets.xcassets */,
				6BD68FD723F57CF100A518D3 /* Info.plist */,
				6BD68FEC23F57E3400A518D3 /* LaunchScreen.storyboard */,
			);
			path = Support;
			sourceTree = "<group>";
		};
		6BD68FDE23F57D5C00A518D3 /* SwiftUIMenu */ = {
			isa = PBXGroup;
			children = (
				6BD68FE123F57D7600A518D3 /* Helpers */,
				6BD68FDF23F57D7600A518D3 /* Menu.swift */,
				6BD68FE023F57D7600A518D3 /* Menu+Buildable.swift */,
			);
			path = SwiftUIMenu;
			sourceTree = "<group>";
		};
		6BD68FE123F57D7600A518D3 /* Helpers */ = {
			isa = PBXGroup;
			children = (
				6BD68FE223F57D7600A518D3 /* View+Helper.swift */,
				6BD68FE323F57D7600A518D3 /* CGSize+Helper.swift */,
				6BD68FE423F57D7600A518D3 /* Buildable.swift */,
				6BD68FE523F57D7600A518D3 /* SizeViewModifier.swift */,
			);
			name = Helpers;
			path = ../../../Sources/SwiftUIMenu/Helpers;
			sourceTree = "<group>";
		};
/* End PBXGroup section */

/* Begin PBXNativeTarget section */
		6BD68FC523F57CED00A518D3 /* SwiftUIMenuExample */ = {
			isa = PBXNativeTarget;
			buildConfigurationList = 6BD68FDA23F57CF100A518D3 /* Build configuration list for PBXNativeTarget "SwiftUIMenuExample" */;
			buildPhases = (
				6BD68FC223F57CED00A518D3 /* Sources */,
				6BD68FC323F57CED00A518D3 /* Frameworks */,
				6BD68FC423F57CED00A518D3 /* Resources */,
			);
			buildRules = (
			);
			dependencies = (
			);
			name = SwiftUIMenuExample;
			productName = SwiftUIMenuExample;
			productReference = 6BD68FC623F57CED00A518D3 /* SwiftUIMenuExample.app */;
			productType = "com.apple.product-type.application";
		};
/* End PBXNativeTarget section */

/* Begin PBXProject section */
		6BD68FBE23F57CED00A518D3 /* Project object */ = {
			isa = PBXProject;
			attributes = {
				LastSwiftUpdateCheck = 1130;
				LastUpgradeCheck = 1130;
				ORGANIZATIONNAME = "Fernando Moya de Rivas";
				TargetAttributes = {
					6BD68FC523F57CED00A518D3 = {
						CreatedOnToolsVersion = 11.3.1;
					};
				};
			};
			buildConfigurationList = 6BD68FC123F57CED00A518D3 /* Build configuration list for PBXProject "SwiftUIMenuExample" */;
			compatibilityVersion = "Xcode 9.3";
			developmentRegion = en;
			hasScannedForEncodings = 0;
			knownRegions = (
				en,
				Base,
			);
			mainGroup = 6BD68FBD23F57CED00A518D3;
			productRefGroup = 6BD68FC723F57CED00A518D3 /* Products */;
			projectDirPath = "";
			projectRoot = "";
			targets = (
				6BD68FC523F57CED00A518D3 /* SwiftUIMenuExample */,
			);
		};
/* End PBXProject section */

/* Begin PBXResourcesBuildPhase section */
		6BD68FC423F57CED00A518D3 /* Resources */ = {
			isa = PBXResourcesBuildPhase;
			buildActionMask = 2147483647;
			files = (
				6BD68FED23F57E3400A518D3 /* LaunchScreen.storyboard in Resources */,
				6BD68FD323F57CF100A518D3 /* Preview Assets.xcassets in Resources */,
				6BD68FD023F57CF100A518D3 /* Assets.xcassets in Resources */,
			);
			runOnlyForDeploymentPostprocessing = 0;
		};
/* End PBXResourcesBuildPhase section */

/* Begin PBXSourcesBuildPhase section */
		6BD68FC223F57CED00A518D3 /* Sources */ = {
			isa = PBXSourcesBuildPhase;
			buildActionMask = 2147483647;
			files = (
				6BD68FCA23F57CED00A518D3 /* AppDelegate.swift in Sources */,
				6BD68FEB23F57D7600A518D3 /* SizeViewModifier.swift in Sources */,
				6BD68FE723F57D7600A518D3 /* Menu+Buildable.swift in Sources */,
				6BD68FE923F57D7600A518D3 /* CGSize+Helper.swift in Sources */,
				6BD68FCC23F57CED00A518D3 /* SceneDelegate.swift in Sources */,
				6BD68FE623F57D7600A518D3 /* Menu.swift in Sources */,
				6BD68FE823F57D7600A518D3 /* View+Helper.swift in Sources */,
				6BD68FEA23F57D7600A518D3 /* Buildable.swift in Sources */,
				6BD68FCE23F57CED00A518D3 /* ContentView.swift in Sources */,
				6BD68FF023F57FEE00A518D3 /* MenuItem.swift in Sources */,
			);
			runOnlyForDeploymentPostprocessing = 0;
		};
/* End PBXSourcesBuildPhase section */

/* Begin XCBuildConfiguration section */
		6BD68FD823F57CF100A518D3 /* Debug */ = {
			isa = XCBuildConfiguration;
			buildSettings = {
				ALWAYS_SEARCH_USER_PATHS = NO;
				CLANG_ANALYZER_NONNULL = YES;
				CLANG_ANALYZER_NUMBER_OBJECT_CONVERSION = YES_AGGRESSIVE;
				CLANG_CXX_LANGUAGE_STANDARD = "gnu++14";
				CLANG_CXX_LIBRARY = "libc++";
				CLANG_ENABLE_MODULES = YES;
				CLANG_ENABLE_OBJC_ARC = YES;
				CLANG_ENABLE_OBJC_WEAK = YES;
				CLANG_WARN_BLOCK_CAPTURE_AUTORELEASING = YES;
				CLANG_WARN_BOOL_CONVERSION = YES;
				CLANG_WARN_COMMA = YES;
				CLANG_WARN_CONSTANT_CONVERSION = YES;
				CLANG_WARN_DEPRECATED_OBJC_IMPLEMENTATIONS = YES;
				CLANG_WARN_DIRECT_OBJC_ISA_USAGE = YES_ERROR;
				CLANG_WARN_DOCUMENTATION_COMMENTS = YES;
				CLANG_WARN_EMPTY_BODY = YES;
				CLANG_WARN_ENUM_CONVERSION = YES;
				CLANG_WARN_INFINITE_RECURSION = YES;
				CLANG_WARN_INT_CONVERSION = YES;
				CLANG_WARN_NON_LITERAL_NULL_CONVERSION = YES;
				CLANG_WARN_OBJC_IMPLICIT_RETAIN_SELF = YES;
				CLANG_WARN_OBJC_LITERAL_CONVERSION = YES;
				CLANG_WARN_OBJC_ROOT_CLASS = YES_ERROR;
				CLANG_WARN_RANGE_LOOP_ANALYSIS = YES;
				CLANG_WARN_STRICT_PROTOTYPES = YES;
				CLANG_WARN_SUSPICIOUS_MOVE = YES;
				CLANG_WARN_UNGUARDED_AVAILABILITY = YES_AGGRESSIVE;
				CLANG_WARN_UNREACHABLE_CODE = YES;
				CLANG_WARN__DUPLICATE_METHOD_MATCH = YES;
				COPY_PHASE_STRIP = NO;
				DEBUG_INFORMATION_FORMAT = dwarf;
				ENABLE_STRICT_OBJC_MSGSEND = YES;
				ENABLE_TESTABILITY = YES;
				GCC_C_LANGUAGE_STANDARD = gnu11;
				GCC_DYNAMIC_NO_PIC = NO;
				GCC_NO_COMMON_BLOCKS = YES;
				GCC_OPTIMIZATION_LEVEL = 0;
				GCC_PREPROCESSOR_DEFINITIONS = (
					"DEBUG=1",
					"$(inherited)",
				);
				GCC_WARN_64_TO_32_BIT_CONVERSION = YES;
				GCC_WARN_ABOUT_RETURN_TYPE = YES_ERROR;
				GCC_WARN_UNDECLARED_SELECTOR = YES;
				GCC_WARN_UNINITIALIZED_AUTOS = YES_AGGRESSIVE;
				GCC_WARN_UNUSED_FUNCTION = YES;
				GCC_WARN_UNUSED_VARIABLE = YES;
				IPHONEOS_DEPLOYMENT_TARGET = 13.2;
				MTL_ENABLE_DEBUG_INFO = INCLUDE_SOURCE;
				MTL_FAST_MATH = YES;
				ONLY_ACTIVE_ARCH = YES;
				SDKROOT = iphoneos;
				SWIFT_ACTIVE_COMPILATION_CONDITIONS = DEBUG;
				SWIFT_OPTIMIZATION_LEVEL = "-Onone";
			};
			name = Debug;
		};
		6BD68FD923F57CF100A518D3 /* Release */ = {
			isa = XCBuildConfiguration;
			buildSettings = {
				ALWAYS_SEARCH_USER_PATHS = NO;
				CLANG_ANALYZER_NONNULL = YES;
				CLANG_ANALYZER_NUMBER_OBJECT_CONVERSION = YES_AGGRESSIVE;
				CLANG_CXX_LANGUAGE_STANDARD = "gnu++14";
				CLANG_CXX_LIBRARY = "libc++";
				CLANG_ENABLE_MODULES = YES;
				CLANG_ENABLE_OBJC_ARC = YES;
				CLANG_ENABLE_OBJC_WEAK = YES;
				CLANG_WARN_BLOCK_CAPTURE_AUTORELEASING = YES;
				CLANG_WARN_BOOL_CONVERSION = YES;
				CLANG_WARN_COMMA = YES;
				CLANG_WARN_CONSTANT_CONVERSION = YES;
				CLANG_WARN_DEPRECATED_OBJC_IMPLEMENTATIONS = YES;
				CLANG_WARN_DIRECT_OBJC_ISA_USAGE = YES_ERROR;
				CLANG_WARN_DOCUMENTATION_COMMENTS = YES;
				CLANG_WARN_EMPTY_BODY = YES;
				CLANG_WARN_ENUM_CONVERSION = YES;
				CLANG_WARN_INFINITE_RECURSION = YES;
				CLANG_WARN_INT_CONVERSION = YES;
				CLANG_WARN_NON_LITERAL_NULL_CONVERSION = YES;
				CLANG_WARN_OBJC_IMPLICIT_RETAIN_SELF = YES;
				CLANG_WARN_OBJC_LITERAL_CONVERSION = YES;
				CLANG_WARN_OBJC_ROOT_CLASS = YES_ERROR;
				CLANG_WARN_RANGE_LOOP_ANALYSIS = YES;
				CLANG_WARN_STRICT_PROTOTYPES = YES;
				CLANG_WARN_SUSPICIOUS_MOVE = YES;
				CLANG_WARN_UNGUARDED_AVAILABILITY = YES_AGGRESSIVE;
				CLANG_WARN_UNREACHABLE_CODE = YES;
				CLANG_WARN__DUPLICATE_METHOD_MATCH = YES;
				COPY_PHASE_STRIP = NO;
				DEBUG_INFORMATION_FORMAT = "dwarf-with-dsym";
				ENABLE_NS_ASSERTIONS = NO;
				ENABLE_STRICT_OBJC_MSGSEND = YES;
				GCC_C_LANGUAGE_STANDARD = gnu11;
				GCC_NO_COMMON_BLOCKS = YES;
				GCC_WARN_64_TO_32_BIT_CONVERSION = YES;
				GCC_WARN_ABOUT_RETURN_TYPE = YES_ERROR;
				GCC_WARN_UNDECLARED_SELECTOR = YES;
				GCC_WARN_UNINITIALIZED_AUTOS = YES_AGGRESSIVE;
				GCC_WARN_UNUSED_FUNCTION = YES;
				GCC_WARN_UNUSED_VARIABLE = YES;
				IPHONEOS_DEPLOYMENT_TARGET = 13.2;
				MTL_ENABLE_DEBUG_INFO = NO;
				MTL_FAST_MATH = YES;
				SDKROOT = iphoneos;
				SWIFT_COMPILATION_MODE = wholemodule;
				SWIFT_OPTIMIZATION_LEVEL = "-O";
				VALIDATE_PRODUCT = YES;
			};
			name = Release;
		};
		6BD68FDB23F57CF100A518D3 /* Debug */ = {
			isa = XCBuildConfiguration;
			buildSettings = {
				ASSETCATALOG_COMPILER_APPICON_NAME = AppIcon;
				CODE_SIGN_STYLE = Automatic;
				DEVELOPMENT_ASSET_PATHS = "\"SwiftUIMenuExample/Preview Content\"";
				DEVELOPMENT_TEAM = FMMUM2Q3NC;
				ENABLE_PREVIEWS = YES;
				INFOPLIST_FILE = SwiftUIMenuExample/Support/Info.plist;
				IPHONEOS_DEPLOYMENT_TARGET = 13.0;
				LD_RUNPATH_SEARCH_PATHS = (
					"$(inherited)",
					"@executable_path/Frameworks",
				);
				PRODUCT_BUNDLE_IDENTIFIER = com.fmoyader.example.SwiftUIMenuExample;
				PRODUCT_NAME = "$(TARGET_NAME)";
				SWIFT_VERSION = 5.0;
				TARGETED_DEVICE_FAMILY = "1,2";
			};
			name = Debug;
		};
		6BD68FDC23F57CF100A518D3 /* Release */ = {
			isa = XCBuildConfiguration;
			buildSettings = {
				ASSETCATALOG_COMPILER_APPICON_NAME = AppIcon;
				CODE_SIGN_STYLE = Automatic;
				DEVELOPMENT_ASSET_PATHS = "\"SwiftUIMenuExample/Preview Content\"";
				DEVELOPMENT_TEAM = FMMUM2Q3NC;
				ENABLE_PREVIEWS = YES;
				INFOPLIST_FILE = SwiftUIMenuExample/Support/Info.plist;
				IPHONEOS_DEPLOYMENT_TARGET = 13.0;
				LD_RUNPATH_SEARCH_PATHS = (
					"$(inherited)",
					"@executable_path/Frameworks",
				);
				PRODUCT_BUNDLE_IDENTIFIER = com.fmoyader.example.SwiftUIMenuExample;
				PRODUCT_NAME = "$(TARGET_NAME)";
				SWIFT_VERSION = 5.0;
				TARGETED_DEVICE_FAMILY = "1,2";
			};
			name = Release;
		};
/* End XCBuildConfiguration section */

/* Begin XCConfigurationList section */
		6BD68FC123F57CED00A518D3 /* Build configuration list for PBXProject "SwiftUIMenuExample" */ = {
			isa = XCConfigurationList;
			buildConfigurations = (
				6BD68FD823F57CF100A518D3 /* Debug */,
				6BD68FD923F57CF100A518D3 /* Release */,
			);
			defaultConfigurationIsVisible = 0;
			defaultConfigurationName = Release;
		};
		6BD68FDA23F57CF100A518D3 /* Build configuration list for PBXNativeTarget "SwiftUIMenuExample" */ = {
			isa = XCConfigurationList;
			buildConfigurations = (
				6BD68FDB23F57CF100A518D3 /* Debug */,
				6BD68FDC23F57CF100A518D3 /* Release */,
			);
			defaultConfigurationIsVisible = 0;
			defaultConfigurationName = Release;
		};
/* End XCConfigurationList section */
	};
	rootObject = 6BD68FBE23F57CED00A518D3 /* Project object */;
}
